
Microsoft Visual Studio Solution File, Format Version 12.00
# Visual Studio 15
VisualStudioVersion = 15.0.27703.2026
MinimumVisualStudioVersion = 10.0.40219.1
Project("{FAE04EC0-301F-11D3-BF4B-00C04F79EFBC}") = "AutoCli.Demo", "AutoCli.Demo\AutoCli.Demo.csproj", "{104482E4-EEE0-49C6-AB13-6CB2F4734458}"
EndProject
Project("{9A19103F-16F7-4668-BE54-9A1E7A4F7556}") = "AutoCli", "AutoCli\AutoCli.csproj", "{D0396E9C-D16D-4E5F-B1C5-6537747C3195}"
EndProject
Project("{FAE04EC0-301F-11D3-BF4B-00C04F79EFBC}") = "AutoCli.Json", "AutoCli.Json\AutoCli.Json.csproj", "{730B3F37-A5BB-45EC-990B-4D7974049190}"
EndProject
Project("{FAE04EC0-301F-11D3-BF4B-00C04F79EFBC}") = "AutoCli.Yaml", "AutoCli.Yaml\AutoCli.Yaml.csproj", "{CE6D70B5-8FAC-4809-8B3E-70C33F97567C}"
EndProject
Global
	GlobalSection(SolutionConfigurationPlatforms) = preSolution
		Debug|Any CPU = Debug|Any CPU
		Release|Any CPU = Release|Any CPU
	EndGlobalSection
	GlobalSection(ProjectConfigurationPlatforms) = postSolution
		{104482E4-EEE0-49C6-AB13-6CB2F4734458}.Debug|Any CPU.ActiveCfg = Debug|Any CPU
		{104482E4-EEE0-49C6-AB13-6CB2F4734458}.Debug|Any CPU.Build.0 = Debug|Any CPU
		{104482E4-EEE0-49C6-AB13-6CB2F4734458}.Release|Any CPU.ActiveCfg = Release|Any CPU
		{104482E4-EEE0-49C6-AB13-6CB2F4734458}.Release|Any CPU.Build.0 = Release|Any CPU
		{D0396E9C-D16D-4E5F-B1C5-6537747C3195}.Debug|Any CPU.ActiveCfg = Debug|Any CPU
		{D0396E9C-D16D-4E5F-B1C5-6537747C3195}.Debug|Any CPU.Build.0 = Debug|Any CPU
		{D0396E9C-D16D-4E5F-B1C5-6537747C3195}.Release|Any CPU.ActiveCfg = Release|Any CPU
		{D0396E9C-D16D-4E5F-B1C5-6537747C3195}.Release|Any CPU.Build.0 = Release|Any CPU
		{730B3F37-A5BB-45EC-990B-4D7974049190}.Debug|Any CPU.ActiveCfg = Debug|Any CPU
		{730B3F37-A5BB-45EC-990B-4D7974049190}.Debug|Any CPU.Build.0 = Debug|Any CPU
		{730B3F37-A5BB-45EC-990B-4D7974049190}.Release|Any CPU.ActiveCfg = Release|Any CPU
		{730B3F37-A5BB-45EC-990B-4D7974049190}.Release|Any CPU.Build.0 = Release|Any CPU
		{CE6D70B5-8FAC-4809-8B3E-70C33F97567C}.Debug|Any CPU.ActiveCfg = Debug|Any CPU
		{CE6D70B5-8FAC-4809-8B3E-70C33F97567C}.Debug|Any CPU.Build.0 = Debug|Any CPU
		{CE6D70B5-8FAC-4809-8B3E-70C33F97567C}.Release|Any CPU.ActiveCfg = Release|Any CPU
		{CE6D70B5-8FAC-4809-8B3E-70C33F97567C}.Release|Any CPU.Build.0 = Release|Any CPU
	EndGlobalSection
	GlobalSection(SolutionProperties) = preSolution
		HideSolutionNode = FALSE
	EndGlobalSection
	GlobalSection(ExtensibilityGlobals) = postSolution
		SolutionGuid = {1ED8B4BF-9938-406E-B08F-3C38B2B93C06}
	EndGlobalSection
EndGlobal
